// !$*UTF8*$!
{
	archiveVersion = 1;
	classes = {
	};
	objectVersion = 50;
	objects = {

/* Begin PBXBuildFile section */
		BD1CE9BE262E030E009FD0EA /* DrawingManager.swift in Sources */ = {isa = PBXBuildFile; fileRef = BD1CE9BD262E030E009FD0EA /* DrawingManager.swift */; };
		BD1CE9C1262E06E9009FD0EA /* ControlsView.swift in Sources */ = {isa = PBXBuildFile; fileRef = BD1CE9C0262E06E9009FD0EA /* ControlsView.swift */; };
		BDC293C62629F97D00BABBD6 /* DrawingApp.swift in Sources */ = {isa = PBXBuildFile; fileRef = BDC293C52629F97D00BABBD6 /* DrawingApp.swift */; };
		BDC293C82629F97D00BABBD6 /* ContentView.swift in Sources */ = {isa = PBXBuildFile; fileRef = BDC293C72629F97D00BABBD6 /* ContentView.swift */; };
		BDC293CA2629F97F00BABBD6 /* Assets.xcassets in Resources */ = {isa = PBXBuildFile; fileRef = BDC293C92629F97F00BABBD6 /* Assets.xcassets */; };
		BDC293CD2629F97F00BABBD6 /* Preview Assets.xcassets in Resources */ = {isa = PBXBuildFile; fileRef = BDC293CC2629F97F00BABBD6 /* Preview Assets.xcassets */; };
		BDC293D6262A00BB00BABBD6 /* DrawingView.swift in Sources */ = {isa = PBXBuildFile; fileRef = BDC293D5262A00BB00BABBD6 /* DrawingView.swift */; };
		BDC293D9262A028700BABBD6 /* Line.swift in Sources */ = {isa = PBXBuildFile; fileRef = BDC293D8262A028700BABBD6 /* Line.swift */; };
/* End PBXBuildFile section */

/* Begin PBXFileReference section */
		BD1CE9BD262E030E009FD0EA /* DrawingManager.swift */ = {isa = PBXFileReference; lastKnownFileType = sourcecode.swift; path = DrawingManager.swift; sourceTree = "<group>"; };
		BD1CE9C0262E06E9009FD0EA /* ControlsView.swift */ = {isa = PBXFileReference; lastKnownFileType = sourcecode.swift; path = ControlsView.swift; sourceTree = "<group>"; };
		BDC293C22629F97D00BABBD6 /* Drawing.app */ = {isa = PBXFileReference; explicitFileType = wrapper.application; includeInIndex = 0; path = Drawing.app; sourceTree = BUILT_PRODUCTS_DIR; };
		BDC293C52629F97D00BABBD6 /* DrawingApp.swift */ = {isa = PBXFileReference; lastKnownFileType = sourcecode.swift; path = DrawingApp.swift; sourceTree = "<group>"; };
		BDC293C72629F97D00BABBD6 /* ContentView.swift */ = {isa = PBXFileReference; lastKnownFileType = sourcecode.swift; path = ContentView.swift; sourceTree = "<group>"; };
		BDC293C92629F97F00BABBD6 /* Assets.xcassets */ = {isa = PBXFileReference; lastKnownFileType = folder.assetcatalog; path = Assets.xcassets; sourceTree = "<group>"; };
		BDC293CC2629F97F00BABBD6 /* Preview Assets.xcassets */ = {isa = PBXFileReference; lastKnownFileType = folder.assetcatalog; path = "Preview Assets.xcassets"; sourceTree = "<group>"; };
		BDC293CE2629F97F00BABBD6 /* Info.plist */ = {isa = PBXFileReference; lastKnownFileType = text.plist.xml; path = Info.plist; sourceTree = "<group>"; };
		BDC293D5262A00BB00BABBD6 /* DrawingView.swift */ = {isa = PBXFileReference; lastKnownFileType = sourcecode.swift; path = DrawingView.swift; sourceTree = "<group>"; };
		BDC293D8262A028700BABBD6 /* Line.swift */ = {isa = PBXFileReference; lastKnownFileType = sourcecode.swift; path = Line.swift; sourceTree = "<group>"; };
/* End PBXFileReference section */

/* Begin PBXFrameworksBuildPhase section */
		BDC293BF2629F97D00BABBD6 /* Frameworks */ = {
			isa = PBXFrameworksBuildPhase;
			buildActionMask = 2147483647;
			files = (
			);
			runOnlyForDeploymentPostprocessing = 0;
		};
/* End PBXFrameworksBuildPhase section */

/* Begin PBXGroup section */
		BD1CE9C3262E0A4D009FD0EA /* Views */ = {
			isa = PBXGroup;
			children = (
				BDC293C72629F97D00BABBD6 /* ContentView.swift */,
				BDC293D5262A00BB00BABBD6 /* DrawingView.swift */,
				BD1CE9C0262E06E9009FD0EA /* ControlsView.swift */,
			);
			path = Views;
			sourceTree = "<group>";
		};
		BD1CE9C4262E0A63009FD0EA /* Manager */ = {
			isa = PBXGroup;
			children = (
				BD1CE9BD262E030E009FD0EA /* DrawingManager.swift */,
			);
			path = Manager;
			sourceTree = "<group>";
		};
		BD1CE9C5262E0A6C009FD0EA /* Model */ = {
			isa = PBXGroup;
			children = (
				BDC293D8262A028700BABBD6 /* Line.swift */,
			);
			path = Model;
			sourceTree = "<group>";
		};
		BD1CE9C6262E0A7D009FD0EA /* Support */ = {
			isa = PBXGroup;
			children = (
				BDC293C92629F97F00BABBD6 /* Assets.xcassets */,
				BDC293CE2629F97F00BABBD6 /* Info.plist */,
				BDC293CB2629F97F00BABBD6 /* Preview Content */,
			);
			path = Support;
			sourceTree = "<group>";
		};
		BDC293B92629F97D00BABBD6 = {
			isa = PBXGroup;
			children = (
				BDC293C42629F97D00BABBD6 /* Drawing */,
				BDC293C32629F97D00BABBD6 /* Products */,
			);
			sourceTree = "<group>";
		};
		BDC293C32629F97D00BABBD6 /* Products */ = {
			isa = PBXGroup;
			children = (
				BDC293C22629F97D00BABBD6 /* Drawing.app */,
			);
			name = Products;
			sourceTree = "<group>";
		};
		BDC293C42629F97D00BABBD6 /* Drawing */ = {
			isa = PBXGroup;
			children = (
				BDC293C52629F97D00BABBD6 /* DrawingApp.swift */,
				BD1CE9C3262E0A4D009FD0EA /* Views */,
				BD1CE9C4262E0A63009FD0EA /* Manager */,
				BD1CE9C5262E0A6C009FD0EA /* Model */,
				BD1CE9C6262E0A7D009FD0EA /* Support */,
			);
			path = Drawing;
			sourceTree = "<group>";
		};
		BDC293CB2629F97F00BABBD6 /* Preview Content */ = {
			isa = PBXGroup;
			children = (
				BDC293CC2629F97F00BABBD6 /* Preview Assets.xcassets */,
			);
			path = "Preview Content";
			sourceTree = "<group>";
		};
/* End PBXGroup section */

/* Begin PBXNativeTarget section */
		BDC293C12629F97D00BABBD6 /* Drawing */ = {
			isa = PBXNativeTarget;
			buildConfigurationList = BDC293D12629F97F00BABBD6 /* Build configuration list for PBXNativeTarget "Drawing" */;
			buildPhases = (
				BDC293BE2629F97D00BABBD6 /* Sources */,
				BDC293BF2629F97D00BABBD6 /* Frameworks */,
				BDC293C02629F97D00BABBD6 /* Resources */,
			);
			buildRules = (
			);
			dependencies = (
			);
			name = Drawing;
			productName = "Drawing Test";
			productReference = BDC293C22629F97D00BABBD6 /* Drawing.app */;
			productType = "com.apple.product-type.application";
		};
/* End PBXNativeTarget section */

/* Begin PBXProject section */
		BDC293BA2629F97D00BABBD6 /* Project object */ = {
			isa = PBXProject;
			attributes = {
				LastSwiftUpdateCheck = 1240;
				LastUpgradeCheck = 1240;
				TargetAttributes = {
					BDC293C12629F97D00BABBD6 = {
						CreatedOnToolsVersion = 12.4;
					};
				};
			};
			buildConfigurationList = BDC293BD2629F97D00BABBD6 /* Build configuration list for PBXProject "Drawing" */;
			compatibilityVersion = "Xcode 9.3";
			developmentRegion = en;
			hasScannedForEncodings = 0;
			knownRegions = (
				en,
				Base,
			);
			mainGroup = BDC293B92629F97D00BABBD6;
			productRefGroup = BDC293C32629F97D00BABBD6 /* Products */;
			projectDirPath = "";
			projectRoot = "";
			targets = (
				BDC293C12629F97D00BABBD6 /* Drawing */,
			);
		};
/* End PBXProject section */

/* Begin PBXResourcesBuildPhase section */
		BDC293C02629F97D00BABBD6 /* Resources */ = {
			isa = PBXResourcesBuildPhase;
			buildActionMask = 2147483647;
			files = (
				BDC293CD2629F97F00BABBD6 /* Preview Assets.xcassets in Resources */,
				BDC293CA2629F97F00BABBD6 /* Assets.xcassets in Resources */,
			);
			runOnlyForDeploymentPostprocessing = 0;
		};
/* End PBXResourcesBuildPhase section */

/* Begin PBXSourcesBuildPhase section */
		BDC293BE2629F97D00BABBD6 /* Sources */ = {
			isa = PBXSourcesBuildPhase;
			buildActionMask = 2147483647;
			files = (
				BDC293D6262A00BB00BABBD6 /* DrawingView.swift in Sources */,
				BDC293D9262A028700BABBD6 /* Line.swift in Sources */,
				BDC293C82629F97D00BABBD6 /* ContentView.swift in Sources */,
				BD1CE9BE262E030E009FD0EA /* DrawingManager.swift in Sources */,
				BD1CE9C1262E06E9009FD0EA /* ControlsView.swift in Sources */,
				BDC293C62629F97D00BABBD6 /* DrawingApp.swift in Sources */,
			);
			runOnlyForDeploymentPostprocessing = 0;
		};
/* End PBXSourcesBuildPhase section */

/* Begin XCBuildConfiguration section */
		BDC293CF2629F97F00BABBD6 /* Debug */ = {
			isa = XCBuildConfiguration;
			buildSettings = {
				ALWAYS_SEARCH_USER_PATHS = NO;
				CLANG_ANALYZER_NONNULL = YES;
				CLANG_ANALYZER_NUMBER_OBJECT_CONVERSION = YES_AGGRESSIVE;
				CLANG_CXX_LANGUAGE_STANDARD = "gnu++14";
				CLANG_CXX_LIBRARY = "libc++";
				CLANG_ENABLE_MODULES = YES;
				CLANG_ENABLE_OBJC_ARC = YES;
				CLANG_ENABLE_OBJC_WEAK = YES;
				CLANG_WARN_BLOCK_CAPTURE_AUTORELEASING = YES;
				CLANG_WARN_BOOL_CONVERSION = YES;
				CLANG_WARN_COMMA = YES;
				CLANG_WARN_CONSTANT_CONVERSION = YES;
				CLANG_WARN_DEPRECATED_OBJC_IMPLEMENTATIONS = YES;
				CLANG_WARN_DIRECT_OBJC_ISA_USAGE = YES_ERROR;
				CLANG_WARN_DOCUMENTATION_COMMENTS = YES;
				CLANG_WARN_EMPTY_BODY = YES;
				CLANG_WARN_ENUM_CONVERSION = YES;
				CLANG_WARN_INFINITE_RECURSION = YES;
				CLANG_WARN_INT_CONVERSION = YES;
				CLANG_WARN_NON_LITERAL_NULL_CONVERSION = YES;
				CLANG_WARN_OBJC_IMPLICIT_RETAIN_SELF = YES;
				CLANG_WARN_OBJC_LITERAL_CONVERSION = YES;
				CLANG_WARN_OBJC_ROOT_CLASS = YES_ERROR;
				CLANG_WARN_QUOTED_INCLUDE_IN_FRAMEWORK_HEADER = YES;
				CLANG_WARN_RANGE_LOOP_ANALYSIS = YES;
				CLANG_WARN_STRICT_PROTOTYPES = YES;
				CLANG_WARN_SUSPICIOUS_MOVE = YES;
				CLANG_WARN_UNGUARDED_AVAILABILITY = YES_AGGRESSIVE;
				CLANG_WARN_UNREACHABLE_CODE = YES;
				CLANG_WARN__DUPLICATE_METHOD_MATCH = YES;
				COPY_PHASE_STRIP = NO;
				DEBUG_INFORMATION_FORMAT = dwarf;
				ENABLE_STRICT_OBJC_MSGSEND = YES;
				ENABLE_TESTABILITY = YES;
				GCC_C_LANGUAGE_STANDARD = gnu11;
				GCC_DYNAMIC_NO_PIC = NO;
				GCC_NO_COMMON_BLOCKS = YES;
				GCC_OPTIMIZATION_LEVEL = 0;
				GCC_PREPROCESSOR_DEFINITIONS = (
					"DEBUG=1",
					"$(inherited)",
				);
				GCC_WARN_64_TO_32_BIT_CONVERSION = YES;
				GCC_WARN_ABOUT_RETURN_TYPE = YES_ERROR;
				GCC_WARN_UNDECLARED_SELECTOR = YES;
				GCC_WARN_UNINITIALIZED_AUTOS = YES_AGGRESSIVE;
				GCC_WARN_UNUSED_FUNCTION = YES;
				GCC_WARN_UNUSED_VARIABLE = YES;
				IPHONEOS_DEPLOYMENT_TARGET = 14.4;
				MTL_ENABLE_DEBUG_INFO = INCLUDE_SOURCE;
				MTL_FAST_MATH = YES;
				ONLY_ACTIVE_ARCH = YES;
				SDKROOT = iphoneos;
				SWIFT_ACTIVE_COMPILATION_CONDITIONS = DEBUG;
				SWIFT_OPTIMIZATION_LEVEL = "-Onone";
			};
			name = Debug;
		};
		BDC293D02629F97F00BABBD6 /* Release */ = {
			isa = XCBuildConfiguration;
			buildSettings = {
				ALWAYS_SEARCH_USER_PATHS = NO;
				CLANG_ANALYZER_NONNULL = YES;
				CLANG_ANALYZER_NUMBER_OBJECT_CONVERSION = YES_AGGRESSIVE;
				CLANG_CXX_LANGUAGE_STANDARD = "gnu++14";
				CLANG_CXX_LIBRARY = "libc++";
				CLANG_ENABLE_MODULES = YES;
				CLANG_ENABLE_OBJC_ARC = YES;
				CLANG_ENABLE_OBJC_WEAK = YES;
				CLANG_WARN_BLOCK_CAPTURE_AUTORELEASING = YES;
				CLANG_WARN_BOOL_CONVERSION = YES;
				CLANG_WARN_COMMA = YES;
				CLANG_WARN_CONSTANT_CONVERSION = YES;
				CLANG_WARN_DEPRECATED_OBJC_IMPLEMENTATIONS = YES;
				CLANG_WARN_DIRECT_OBJC_ISA_USAGE = YES_ERROR;
				CLANG_WARN_DOCUMENTATION_COMMENTS = YES;
				CLANG_WARN_EMPTY_BODY = YES;
				CLANG_WARN_ENUM_CONVERSION = YES;
				CLANG_WARN_INFINITE_RECURSION = YES;
				CLANG_WARN_INT_CONVERSION = YES;
				CLANG_WARN_NON_LITERAL_NULL_CONVERSION = YES;
				CLANG_WARN_OBJC_IMPLICIT_RETAIN_SELF = YES;
				CLANG_WARN_OBJC_LITERAL_CONVERSION = YES;
				CLANG_WARN_OBJC_ROOT_CLASS = YES_ERROR;
				CLANG_WARN_QUOTED_INCLUDE_IN_FRAMEWORK_HEADER = YES;
				CLANG_WARN_RANGE_LOOP_ANALYSIS = YES;
				CLANG_WARN_STRICT_PROTOTYPES = YES;
				CLANG_WARN_SUSPICIOUS_MOVE = YES;
				CLANG_WARN_UNGUARDED_AVAILABILITY = YES_AGGRESSIVE;
				CLANG_WARN_UNREACHABLE_CODE = YES;
				CLANG_WARN__DUPLICATE_METHOD_MATCH = YES;
				COPY_PHASE_STRIP = NO;
				DEBUG_INFORMATION_FORMAT = "dwarf-with-dsym";
				ENABLE_NS_ASSERTIONS = NO;
				ENABLE_STRICT_OBJC_MSGSEND = YES;
				GCC_C_LANGUAGE_STANDARD = gnu11;
				GCC_NO_COMMON_BLOCKS = YES;
				GCC_WARN_64_TO_32_BIT_CONVERSION = YES;
				GCC_WARN_ABOUT_RETURN_TYPE = YES_ERROR;
				GCC_WARN_UNDECLARED_SELECTOR = YES;
				GCC_WARN_UNINITIALIZED_AUTOS = YES_AGGRESSIVE;
				GCC_WARN_UNUSED_FUNCTION = YES;
				GCC_WARN_UNUSED_VARIABLE = YES;
				IPHONEOS_DEPLOYMENT_TARGET = 14.4;
				MTL_ENABLE_DEBUG_INFO = NO;
				MTL_FAST_MATH = YES;
				SDKROOT = iphoneos;
				SWIFT_COMPILATION_MODE = wholemodule;
				SWIFT_OPTIMIZATION_LEVEL = "-O";
				VALIDATE_PRODUCT = YES;
			};
			name = Release;
		};
		BDC293D22629F97F00BABBD6 /* Debug */ = {
			isa = XCBuildConfiguration;
			buildSettings = {
				ASSETCATALOG_COMPILER_APPICON_NAME = AppIcon;
				ASSETCATALOG_COMPILER_GLOBAL_ACCENT_COLOR_NAME = AccentColor;
				CODE_SIGN_STYLE = Automatic;
				DEVELOPMENT_ASSET_PATHS = "\"Drawing/Support/Preview Content\"";
				DEVELOPMENT_TEAM = Q9PPH2T3L2;
				ENABLE_PREVIEWS = YES;
				INFOPLIST_FILE = Drawing/Support/Info.plist;
				IPHONEOS_DEPLOYMENT_TARGET = 14.0;
				LD_RUNPATH_SEARCH_PATHS = (
					"$(inherited)",
					"@executable_path/Frameworks",
				);
				PRODUCT_BUNDLE_IDENTIFIER = "com.samrshi.Drawing-Test";
				PRODUCT_NAME = "$(TARGET_NAME)";
				SWIFT_VERSION = 5.0;
				TARGETED_DEVICE_FAMILY = "1,2";
			};
			name = Debug;
		};
		BDC293D32629F97F00BABBD6 /* Release */ = {
			isa = XCBuildConfiguration;
			buildSettings = {
				ASSETCATALOG_COMPILER_APPICON_NAME = AppIcon;
				ASSETCATALOG_COMPILER_GLOBAL_ACCENT_COLOR_NAME = AccentColor;
				CODE_SIGN_STYLE = Automatic;
				DEVELOPMENT_ASSET_PATHS = "\"Drawing/Support/Preview Content\"";
				DEVELOPMENT_TEAM = Q9PPH2T3L2;
				ENABLE_PREVIEWS = YES;
				INFOPLIST_FILE = Drawing/Support/Info.plist;
				IPHONEOS_DEPLOYMENT_TARGET = 14.0;
				LD_RUNPATH_SEARCH_PATHS = (
					"$(inherited)",
					"@executable_path/Frameworks",
				);
				PRODUCT_BUNDLE_IDENTIFIER = "com.samrshi.Drawing-Test";
				PRODUCT_NAME = "$(TARGET_NAME)";
				SWIFT_VERSION = 5.0;
				TARGETED_DEVICE_FAMILY = "1,2";
			};
			name = Release;
		};
/* End XCBuildConfiguration section */

/* Begin XCConfigurationList section */
		BDC293BD2629F97D00BABBD6 /* Build configuration list for PBXProject "Drawing" */ = {
			isa = XCConfigurationList;
			buildConfigurations = (
				BDC293CF2629F97F00BABBD6 /* Debug */,
				BDC293D02629F97F00BABBD6 /* Release */,
			);
			defaultConfigurationIsVisible = 0;
			defaultConfigurationName = Release;
		};
		BDC293D12629F97F00BABBD6 /* Build configuration list for PBXNativeTarget "Drawing" */ = {
			isa = XCConfigurationList;
			buildConfigurations = (
				BDC293D22629F97F00BABBD6 /* Debug */,
				BDC293D32629F97F00BABBD6 /* Release */,
			);
			defaultConfigurationIsVisible = 0;
			defaultConfigurationName = Release;
		};
/* End XCConfigurationList section */
	};
	rootObject = BDC293BA2629F97D00BABBD6 /* Project object */;
}
